// !$*UTF8*$!
{
	archiveVersion = 1;
	classes = {
	};
	objectVersion = 77;
	objects = {

/* Begin PBXBuildFile section */
		23111FD82D8C00AE00FBB6BC /* PasswordValidationResult.swift in Sources */ = {isa = PBXBuildFile; fileRef = 23111FD72D8C00A700FBB6BC /* PasswordValidationResult.swift */; };
		23111FDA2D8C00C600FBB6BC /* RequirementRow.swift in Sources */ = {isa = PBXBuildFile; fileRef = 23111FD92D8C00C500FBB6BC /* RequirementRow.swift */; };
		23111FEE2D8C5B9C00FBB6BC /* APIProtocol.swift in Sources */ = {isa = PBXBuildFile; fileRef = 23111FED2D8C5B9600FBB6BC /* APIProtocol.swift */; };
		23111FF02D8C5BB600FBB6BC /* HTTPMethod.swift in Sources */ = {isa = PBXBuildFile; fileRef = 23111FEF2D8C5BAF00FBB6BC /* HTTPMethod.swift */; };
		23111FF22D8C5C6B00FBB6BC /* API.swift in Sources */ = {isa = PBXBuildFile; fileRef = 23111FF12D8C5C6900FBB6BC /* API.swift */; };
		23111FF42D8C5D6A00FBB6BC /* APIResponseStatus.swift in Sources */ = {isa = PBXBuildFile; fileRef = 23111FF32D8C5D6100FBB6BC /* APIResponseStatus.swift */; };
		23111FF62D8C5DF400FBB6BC /* APIExtension.swift in Sources */ = {isa = PBXBuildFile; fileRef = 23111FF52D8C5DEB00FBB6BC /* APIExtension.swift */; };
		2316C10C2D8A7C640018A84F /* ContentView.swift in Sources */ = {isa = PBXBuildFile; fileRef = 2316C1062D8A7C640018A84F /* ContentView.swift */; };
		2316C10D2D8A7C640018A84F /* MedBook.xcdatamodeld in Sources */ = {isa = PBXBuildFile; fileRef = 2316C1072D8A7C640018A84F /* MedBook.xcdatamodeld */; };
		2316C10E2D8A7C640018A84F /* MedBookApp.swift in Sources */ = {isa = PBXBuildFile; fileRef = 2316C1082D8A7C640018A84F /* MedBookApp.swift */; };
		2316C10F2D8A7C640018A84F /* Persistence.swift in Sources */ = {isa = PBXBuildFile; fileRef = 2316C1092D8A7C640018A84F /* Persistence.swift */; };
		2316C1102D8A7C640018A84F /* Preview Assets.xcassets in Resources */ = {isa = PBXBuildFile; fileRef = 2316C1032D8A7C640018A84F /* Preview Assets.xcassets */; };
		2316C1112D8A7C640018A84F /* Assets.xcassets in Resources */ = {isa = PBXBuildFile; fileRef = 2316C1052D8A7C640018A84F /* Assets.xcassets */; };
		2316C1142D8A7D4D0018A84F /* CouchbaseLiteSwift in Frameworks */ = {isa = PBXBuildFile; productRef = 2316C1132D8A7D4D0018A84F /* CouchbaseLiteSwift */; };
		2316C1182D8A7D750018A84F /* Design.swift in Sources */ = {isa = PBXBuildFile; fileRef = 2316C1172D8A7D710018A84F /* Design.swift */; };
		2316C1212D8A7DD80018A84F /* User.swift in Sources */ = {isa = PBXBuildFile; fileRef = 2316C1202D8A7DD40018A84F /* User.swift */; };
		2316C1252D8A7DFF0018A84F /* CurrentUser.swift in Sources */ = {isa = PBXBuildFile; fileRef = 2316C1242D8A7DFA0018A84F /* CurrentUser.swift */; };
		2316C1282D8A7E3B0018A84F /* LaunchScreenView.swift in Sources */ = {isa = PBXBuildFile; fileRef = 2316C1272D8A7E2F0018A84F /* LaunchScreenView.swift */; };
		2316C12A2D8A7E470018A84F /* LaunchScreenViewModel.swift in Sources */ = {isa = PBXBuildFile; fileRef = 2316C1292D8A7E400018A84F /* LaunchScreenViewModel.swift */; };
		2316C12D2D8A7E6A0018A84F /* DBManager.swift in Sources */ = {isa = PBXBuildFile; fileRef = 2316C12C2D8A7E670018A84F /* DBManager.swift */; };
		2316C12F2D8A7E780018A84F /* Table.swift in Sources */ = {isa = PBXBuildFile; fileRef = 2316C12E2D8A7E760018A84F /* Table.swift */; };
		2316C1322D8A7EFB0018A84F /* Dictionary.swift in Sources */ = {isa = PBXBuildFile; fileRef = 2316C1312D8A7EEE0018A84F /* Dictionary.swift */; };
		2316C1342D8A7FB10018A84F /* FilterExpression.swift in Sources */ = {isa = PBXBuildFile; fileRef = 2316C1332D8A7FAA0018A84F /* FilterExpression.swift */; };
		2316C1362D8A7FBB0018A84F /* DBManagerQueryHelper.swift in Sources */ = {isa = PBXBuildFile; fileRef = 2316C1352D8A7FB50018A84F /* DBManagerQueryHelper.swift */; };
		2316C1382D8A7FC60018A84F /* QueryFunction.swift in Sources */ = {isa = PBXBuildFile; fileRef = 2316C1372D8A7FC50018A84F /* QueryFunction.swift */; };
		2316C13A2D8A7FCE0018A84F /* SelectionIdentifier.swift in Sources */ = {isa = PBXBuildFile; fileRef = 2316C1392D8A7FCD0018A84F /* SelectionIdentifier.swift */; };
		2316C13E2D8A81CC0018A84F /* LoginView.swift in Sources */ = {isa = PBXBuildFile; fileRef = 2316C13D2D8A81C60018A84F /* LoginView.swift */; };
		2316C1402D8A81D50018A84F /* LoginViewModel.swift in Sources */ = {isa = PBXBuildFile; fileRef = 2316C13F2D8A81D00018A84F /* LoginViewModel.swift */; };
		2316C1432D8A82060018A84F /* APIService.swift in Sources */ = {isa = PBXBuildFile; fileRef = 2316C1422D8A82050018A84F /* APIService.swift */; };
		2316C1452D8A824E0018A84F /* SignUpViewModel.swift in Sources */ = {isa = PBXBuildFile; fileRef = 2316C1442D8A82460018A84F /* SignUpViewModel.swift */; };
		2316C1472D8A82570018A84F /* SignUpView.swift in Sources */ = {isa = PBXBuildFile; fileRef = 2316C1462D8A82520018A84F /* SignUpView.swift */; };
		2316C14A2D8A82970018A84F /* Country.swift in Sources */ = {isa = PBXBuildFile; fileRef = 2316C1492D8A82940018A84F /* Country.swift */; };
		2316C14C2D8A82A20018A84F /* CountryView.swift in Sources */ = {isa = PBXBuildFile; fileRef = 2316C14B2D8A829B0018A84F /* CountryView.swift */; };
		2316C14E2D8A82AD0018A84F /* CountryViewModel.swift in Sources */ = {isa = PBXBuildFile; fileRef = 2316C14D2D8A82A80018A84F /* CountryViewModel.swift */; };
		2316C1502D8A82B50018A84F /* EmailEntryView.swift in Sources */ = {isa = PBXBuildFile; fileRef = 2316C14F2D8A82B40018A84F /* EmailEntryView.swift */; };
		2316C1542D8A82CF0018A84F /* PasswordEntryView.swift in Sources */ = {isa = PBXBuildFile; fileRef = 2316C1532D8A82CD0018A84F /* PasswordEntryView.swift */; };
		2316C1592D8AADF70018A84F /* HomeView.swift in Sources */ = {isa = PBXBuildFile; fileRef = 2316C1582D8AADF30018A84F /* HomeView.swift */; };
		2316C15C2D8AAE740018A84F /* HomeSearchView.swift in Sources */ = {isa = PBXBuildFile; fileRef = 2316C15B2D8AAE6F0018A84F /* HomeSearchView.swift */; };
		2316C15F2D8ABE0D0018A84F /* BookListViewModel.swift in Sources */ = {isa = PBXBuildFile; fileRef = 2316C15E2D8ABE060018A84F /* BookListViewModel.swift */; };
		2316C1612D8ABE160018A84F /* Book.swift in Sources */ = {isa = PBXBuildFile; fileRef = 2316C1602D8ABE120018A84F /* Book.swift */; };
		2316C1632D8ABE220018A84F /* BookListView.swift in Sources */ = {isa = PBXBuildFile; fileRef = 2316C1622D8ABE1A0018A84F /* BookListView.swift */; };
		2316C1682D8ABEE50018A84F /* BookSortView.swift in Sources */ = {isa = PBXBuildFile; fileRef = 2316C1672D8ABEE10018A84F /* BookSortView.swift */; };
		2316C16A2D8ABEEE0018A84F /* BookSortViewModel.swift in Sources */ = {isa = PBXBuildFile; fileRef = 2316C1692D8ABEE80018A84F /* BookSortViewModel.swift */; };
		2316C1722D8ABF950018A84F /* BookListCellView.swift in Sources */ = {isa = PBXBuildFile; fileRef = 2316C1712D8ABF8C0018A84F /* BookListCellView.swift */; };
		2316C1742D8ABFA00018A84F /* BookListCellViewModel.swift in Sources */ = {isa = PBXBuildFile; fileRef = 2316C1732D8ABF980018A84F /* BookListCellViewModel.swift */; };
		2316C17D2D8B035C0018A84F /* SortBy.swift in Sources */ = {isa = PBXBuildFile; fileRef = 2316C17C2D8B03580018A84F /* SortBy.swift */; };
		2316C17F2D8B0CAD0018A84F /* BookMarkListView.swift in Sources */ = {isa = PBXBuildFile; fileRef = 2316C17E2D8B0CA40018A84F /* BookMarkListView.swift */; };
		2316C1812D8B0CB90018A84F /* BookMarkListViewModel.swift in Sources */ = {isa = PBXBuildFile; fileRef = 2316C1802D8B0CB10018A84F /* BookMarkListViewModel.swift */; };
		2316C1892D8B37F30018A84F /* HomeViewModel.swift in Sources */ = {isa = PBXBuildFile; fileRef = 2316C1882D8B37ED0018A84F /* HomeViewModel.swift */; };
		234EFB212D90535200BFA60E /* Login.swift in Sources */ = {isa = PBXBuildFile; fileRef = 234EFB202D90535000BFA60E /* Login.swift */; };
		238740342D8BAEEE003620CD /* BookListTableView.swift in Sources */ = {isa = PBXBuildFile; fileRef = 238740332D8BAEE6003620CD /* BookListTableView.swift */; };
/* End PBXBuildFile section */

/* Begin PBXContainerItemProxy section */
		2316C0E72D8A7C570018A84F /* PBXContainerItemProxy */ = {
			isa = PBXContainerItemProxy;
			containerPortal = 2316C0C92D8A7C550018A84F /* Project object */;
			proxyType = 1;
			remoteGlobalIDString = 2316C0D02D8A7C550018A84F;
			remoteInfo = MedBook;
		};
		2316C0F12D8A7C570018A84F /* PBXContainerItemProxy */ = {
			isa = PBXContainerItemProxy;
			containerPortal = 2316C0C92D8A7C550018A84F /* Project object */;
			proxyType = 1;
			remoteGlobalIDString = 2316C0D02D8A7C550018A84F;
			remoteInfo = MedBook;
		};
/* End PBXContainerItemProxy section */

/* Begin PBXFileReference section */
		23111FD72D8C00A700FBB6BC /* PasswordValidationResult.swift */ = {isa = PBXFileReference; lastKnownFileType = sourcecode.swift; path = PasswordValidationResult.swift; sourceTree = "<group>"; };
		23111FD92D8C00C500FBB6BC /* RequirementRow.swift */ = {isa = PBXFileReference; lastKnownFileType = sourcecode.swift; path = RequirementRow.swift; sourceTree = "<group>"; };
		23111FED2D8C5B9600FBB6BC /* APIProtocol.swift */ = {isa = PBXFileReference; lastKnownFileType = sourcecode.swift; path = APIProtocol.swift; sourceTree = "<group>"; };
		23111FEF2D8C5BAF00FBB6BC /* HTTPMethod.swift */ = {isa = PBXFileReference; lastKnownFileType = sourcecode.swift; path = HTTPMethod.swift; sourceTree = "<group>"; };
		23111FF12D8C5C6900FBB6BC /* API.swift */ = {isa = PBXFileReference; lastKnownFileType = sourcecode.swift; path = API.swift; sourceTree = "<group>"; };
		23111FF32D8C5D6100FBB6BC /* APIResponseStatus.swift */ = {isa = PBXFileReference; lastKnownFileType = sourcecode.swift; path = APIResponseStatus.swift; sourceTree = "<group>"; };
		23111FF52D8C5DEB00FBB6BC /* APIExtension.swift */ = {isa = PBXFileReference; lastKnownFileType = sourcecode.swift; path = APIExtension.swift; sourceTree = "<group>"; };
		2316C0D12D8A7C550018A84F /* MedBook.app */ = {isa = PBXFileReference; explicitFileType = wrapper.application; includeInIndex = 0; path = MedBook.app; sourceTree = BUILT_PRODUCTS_DIR; };
		2316C0E62D8A7C570018A84F /* MedBookTests.xctest */ = {isa = PBXFileReference; explicitFileType = wrapper.cfbundle; includeInIndex = 0; path = MedBookTests.xctest; sourceTree = BUILT_PRODUCTS_DIR; };
		2316C0F02D8A7C570018A84F /* MedBookUITests.xctest */ = {isa = PBXFileReference; explicitFileType = wrapper.cfbundle; includeInIndex = 0; path = MedBookUITests.xctest; sourceTree = BUILT_PRODUCTS_DIR; };
		2316C1032D8A7C640018A84F /* Preview Assets.xcassets */ = {isa = PBXFileReference; lastKnownFileType = folder.assetcatalog; path = "Preview Assets.xcassets"; sourceTree = "<group>"; };
		2316C1052D8A7C640018A84F /* Assets.xcassets */ = {isa = PBXFileReference; lastKnownFileType = folder.assetcatalog; path = Assets.xcassets; sourceTree = "<group>"; };
		2316C1062D8A7C640018A84F /* ContentView.swift */ = {isa = PBXFileReference; lastKnownFileType = sourcecode.swift; path = ContentView.swift; sourceTree = "<group>"; };
		2316C1082D8A7C640018A84F /* MedBookApp.swift */ = {isa = PBXFileReference; lastKnownFileType = sourcecode.swift; path = MedBookApp.swift; sourceTree = "<group>"; };
		2316C1092D8A7C640018A84F /* Persistence.swift */ = {isa = PBXFileReference; lastKnownFileType = sourcecode.swift; path = Persistence.swift; sourceTree = "<group>"; };
		2316C10B2D8A7C640018A84F /* MedBook.xcdatamodel */ = {isa = PBXFileReference; lastKnownFileType = wrapper.xcdatamodel; path = MedBook.xcdatamodel; sourceTree = "<group>"; };
		2316C1172D8A7D710018A84F /* Design.swift */ = {isa = PBXFileReference; lastKnownFileType = sourcecode.swift; path = Design.swift; sourceTree = "<group>"; };
		2316C1202D8A7DD40018A84F /* User.swift */ = {isa = PBXFileReference; lastKnownFileType = sourcecode.swift; path = User.swift; sourceTree = "<group>"; };
		2316C1242D8A7DFA0018A84F /* CurrentUser.swift */ = {isa = PBXFileReference; lastKnownFileType = sourcecode.swift; path = CurrentUser.swift; sourceTree = "<group>"; };
		2316C1272D8A7E2F0018A84F /* LaunchScreenView.swift */ = {isa = PBXFileReference; lastKnownFileType = sourcecode.swift; path = LaunchScreenView.swift; sourceTree = "<group>"; };
		2316C1292D8A7E400018A84F /* LaunchScreenViewModel.swift */ = {isa = PBXFileReference; lastKnownFileType = sourcecode.swift; path = LaunchScreenViewModel.swift; sourceTree = "<group>"; };
		2316C12C2D8A7E670018A84F /* DBManager.swift */ = {isa = PBXFileReference; lastKnownFileType = sourcecode.swift; path = DBManager.swift; sourceTree = "<group>"; };
		2316C12E2D8A7E760018A84F /* Table.swift */ = {isa = PBXFileReference; lastKnownFileType = sourcecode.swift; path = Table.swift; sourceTree = "<group>"; };
		2316C1312D8A7EEE0018A84F /* Dictionary.swift */ = {isa = PBXFileReference; lastKnownFileType = sourcecode.swift; path = Dictionary.swift; sourceTree = "<group>"; };
		2316C1332D8A7FAA0018A84F /* FilterExpression.swift */ = {isa = PBXFileReference; lastKnownFileType = sourcecode.swift; path = FilterExpression.swift; sourceTree = "<group>"; };
		2316C1352D8A7FB50018A84F /* DBManagerQueryHelper.swift */ = {isa = PBXFileReference; lastKnownFileType = sourcecode.swift; path = DBManagerQueryHelper.swift; sourceTree = "<group>"; };
		2316C1372D8A7FC50018A84F /* QueryFunction.swift */ = {isa = PBXFileReference; lastKnownFileType = sourcecode.swift; path = QueryFunction.swift; sourceTree = "<group>"; };
		2316C1392D8A7FCD0018A84F /* SelectionIdentifier.swift */ = {isa = PBXFileReference; lastKnownFileType = sourcecode.swift; path = SelectionIdentifier.swift; sourceTree = "<group>"; };
		2316C13D2D8A81C60018A84F /* LoginView.swift */ = {isa = PBXFileReference; lastKnownFileType = sourcecode.swift; path = LoginView.swift; sourceTree = "<group>"; };
		2316C13F2D8A81D00018A84F /* LoginViewModel.swift */ = {isa = PBXFileReference; lastKnownFileType = sourcecode.swift; path = LoginViewModel.swift; sourceTree = "<group>"; };
		2316C1422D8A82050018A84F /* APIService.swift */ = {isa = PBXFileReference; lastKnownFileType = sourcecode.swift; path = APIService.swift; sourceTree = "<group>"; };
		2316C1442D8A82460018A84F /* SignUpViewModel.swift */ = {isa = PBXFileReference; lastKnownFileType = sourcecode.swift; path = SignUpViewModel.swift; sourceTree = "<group>"; };
		2316C1462D8A82520018A84F /* SignUpView.swift */ = {isa = PBXFileReference; lastKnownFileType = sourcecode.swift; path = SignUpView.swift; sourceTree = "<group>"; };
		2316C1492D8A82940018A84F /* Country.swift */ = {isa = PBXFileReference; lastKnownFileType = sourcecode.swift; path = Country.swift; sourceTree = "<group>"; };
		2316C14B2D8A829B0018A84F /* CountryView.swift */ = {isa = PBXFileReference; lastKnownFileType = sourcecode.swift; path = CountryView.swift; sourceTree = "<group>"; };
		2316C14D2D8A82A80018A84F /* CountryViewModel.swift */ = {isa = PBXFileReference; lastKnownFileType = sourcecode.swift; path = CountryViewModel.swift; sourceTree = "<group>"; };
		2316C14F2D8A82B40018A84F /* EmailEntryView.swift */ = {isa = PBXFileReference; lastKnownFileType = sourcecode.swift; path = EmailEntryView.swift; sourceTree = "<group>"; };
		2316C1532D8A82CD0018A84F /* PasswordEntryView.swift */ = {isa = PBXFileReference; lastKnownFileType = sourcecode.swift; path = PasswordEntryView.swift; sourceTree = "<group>"; };
		2316C1562D8A8D220018A84F /* Info.plist */ = {isa = PBXFileReference; lastKnownFileType = text.plist; path = Info.plist; sourceTree = "<group>"; };
		2316C1582D8AADF30018A84F /* HomeView.swift */ = {isa = PBXFileReference; lastKnownFileType = sourcecode.swift; path = HomeView.swift; sourceTree = "<group>"; };
		2316C15B2D8AAE6F0018A84F /* HomeSearchView.swift */ = {isa = PBXFileReference; lastKnownFileType = sourcecode.swift; path = HomeSearchView.swift; sourceTree = "<group>"; };
		2316C15E2D8ABE060018A84F /* BookListViewModel.swift */ = {isa = PBXFileReference; lastKnownFileType = sourcecode.swift; path = BookListViewModel.swift; sourceTree = "<group>"; };
		2316C1602D8ABE120018A84F /* Book.swift */ = {isa = PBXFileReference; lastKnownFileType = sourcecode.swift; path = Book.swift; sourceTree = "<group>"; };
		2316C1622D8ABE1A0018A84F /* BookListView.swift */ = {isa = PBXFileReference; lastKnownFileType = sourcecode.swift; path = BookListView.swift; sourceTree = "<group>"; };
		2316C1672D8ABEE10018A84F /* BookSortView.swift */ = {isa = PBXFileReference; lastKnownFileType = sourcecode.swift; path = BookSortView.swift; sourceTree = "<group>"; };
		2316C1692D8ABEE80018A84F /* BookSortViewModel.swift */ = {isa = PBXFileReference; lastKnownFileType = sourcecode.swift; path = BookSortViewModel.swift; sourceTree = "<group>"; };
		2316C1712D8ABF8C0018A84F /* BookListCellView.swift */ = {isa = PBXFileReference; lastKnownFileType = sourcecode.swift; path = BookListCellView.swift; sourceTree = "<group>"; };
		2316C1732D8ABF980018A84F /* BookListCellViewModel.swift */ = {isa = PBXFileReference; lastKnownFileType = sourcecode.swift; path = BookListCellViewModel.swift; sourceTree = "<group>"; };
		2316C17C2D8B03580018A84F /* SortBy.swift */ = {isa = PBXFileReference; lastKnownFileType = sourcecode.swift; path = SortBy.swift; sourceTree = "<group>"; };
		2316C17E2D8B0CA40018A84F /* BookMarkListView.swift */ = {isa = PBXFileReference; lastKnownFileType = sourcecode.swift; path = BookMarkListView.swift; sourceTree = "<group>"; };
		2316C1802D8B0CB10018A84F /* BookMarkListViewModel.swift */ = {isa = PBXFileReference; lastKnownFileType = sourcecode.swift; path = BookMarkListViewModel.swift; sourceTree = "<group>"; };
		2316C1882D8B37ED0018A84F /* HomeViewModel.swift */ = {isa = PBXFileReference; lastKnownFileType = sourcecode.swift; path = HomeViewModel.swift; sourceTree = "<group>"; };
		234EFB202D90535000BFA60E /* Login.swift */ = {isa = PBXFileReference; lastKnownFileType = sourcecode.swift; path = Login.swift; sourceTree = "<group>"; };
		238740332D8BAEE6003620CD /* BookListTableView.swift */ = {isa = PBXFileReference; lastKnownFileType = sourcecode.swift; path = BookListTableView.swift; sourceTree = "<group>"; };
/* End PBXFileReference section */

/* Begin PBXFileSystemSynchronizedRootGroup section */
		2316C0E92D8A7C570018A84F /* MedBookTests */ = {
			isa = PBXFileSystemSynchronizedRootGroup;
			path = MedBookTests;
			sourceTree = "<group>";
		};
		2316C0F32D8A7C570018A84F /* MedBookUITests */ = {
			isa = PBXFileSystemSynchronizedRootGroup;
			path = MedBookUITests;
			sourceTree = "<group>";
		};
/* End PBXFileSystemSynchronizedRootGroup section */

/* Begin PBXFrameworksBuildPhase section */
		2316C0CE2D8A7C550018A84F /* Frameworks */ = {
			isa = PBXFrameworksBuildPhase;
			buildActionMask = 2147483647;
			files = (
				2316C1142D8A7D4D0018A84F /* CouchbaseLiteSwift in Frameworks */,
			);
			runOnlyForDeploymentPostprocessing = 0;
		};
		2316C0E32D8A7C570018A84F /* Frameworks */ = {
			isa = PBXFrameworksBuildPhase;
			buildActionMask = 2147483647;
			files = (
			);
			runOnlyForDeploymentPostprocessing = 0;
		};
		2316C0ED2D8A7C570018A84F /* Frameworks */ = {
			isa = PBXFrameworksBuildPhase;
			buildActionMask = 2147483647;
			files = (
			);
			runOnlyForDeploymentPostprocessing = 0;
		};
/* End PBXFrameworksBuildPhase section */

/* Begin PBXGroup section */
		23111FD62D8C009B00FBB6BC /* Password */ = {
			isa = PBXGroup;
			children = (
				2316C1532D8A82CD0018A84F /* PasswordEntryView.swift */,
				23111FD92D8C00C500FBB6BC /* RequirementRow.swift */,
				23111FD72D8C00A700FBB6BC /* PasswordValidationResult.swift */,
			);
			path = Password;
			sourceTree = "<group>";
		};
		2316C0C82D8A7C550018A84F = {
			isa = PBXGroup;
			children = (
				2316C10A2D8A7C640018A84F /* MedBook */,
				2316C0E92D8A7C570018A84F /* MedBookTests */,
				2316C0F32D8A7C570018A84F /* MedBookUITests */,
				2316C0D22D8A7C550018A84F /* Products */,
			);
			sourceTree = "<group>";
		};
		2316C0D22D8A7C550018A84F /* Products */ = {
			isa = PBXGroup;
			children = (
				2316C0D12D8A7C550018A84F /* MedBook.app */,
				2316C0E62D8A7C570018A84F /* MedBookTests.xctest */,
				2316C0F02D8A7C570018A84F /* MedBookUITests.xctest */,
			);
			name = Products;
			sourceTree = "<group>";
		};
		2316C1042D8A7C640018A84F /* Preview Content */ = {
			isa = PBXGroup;
			children = (
				2316C1032D8A7C640018A84F /* Preview Assets.xcassets */,
			);
			path = "Preview Content";
			sourceTree = "<group>";
		};
		2316C10A2D8A7C640018A84F /* MedBook */ = {
			isa = PBXGroup;
			children = (
				2316C1562D8A8D220018A84F /* Info.plist */,
				2316C1152D8A7D5F0018A84F /* Classes */,
				2316C1042D8A7C640018A84F /* Preview Content */,
				2316C1052D8A7C640018A84F /* Assets.xcassets */,
				2316C1062D8A7C640018A84F /* ContentView.swift */,
				2316C1072D8A7C640018A84F /* MedBook.xcdatamodeld */,
				2316C1082D8A7C640018A84F /* MedBookApp.swift */,
				2316C1092D8A7C640018A84F /* Persistence.swift */,
			);
			path = MedBook;
			sourceTree = "<group>";
		};
		2316C1152D8A7D5F0018A84F /* Classes */ = {
			isa = PBXGroup;
			children = (
				2316C1752D8AE5280018A84F /* BookMark */,
				2316C1572D8AADC10018A84F /* Home */,
				2316C1412D8A81F80018A84F /* Network */,
				2316C13C2D8A81B00018A84F /* Login */,
				2316C13B2D8A81A50018A84F /* SignUp */,
				2316C12B2D8A7E5E0018A84F /* Database */,
				2316C1262D8A7E220018A84F /* launchScreen */,
				2316C11F2D8A7DCE0018A84F /* User */,
				2316C1162D8A7D6A0018A84F /* Utility */,
			);
			path = Classes;
			sourceTree = "<group>";
		};
		2316C1162D8A7D6A0018A84F /* Utility */ = {
			isa = PBXGroup;
			children = (
				2316C1302D8A7EE60018A84F /* Extension */,
				2316C1172D8A7D710018A84F /* Design.swift */,
			);
			path = Utility;
			sourceTree = "<group>";
		};
		2316C11F2D8A7DCE0018A84F /* User */ = {
			isa = PBXGroup;
			children = (
				2316C1202D8A7DD40018A84F /* User.swift */,
				2316C1242D8A7DFA0018A84F /* CurrentUser.swift */,
			);
			path = User;
			sourceTree = "<group>";
		};
		2316C1262D8A7E220018A84F /* launchScreen */ = {
			isa = PBXGroup;
			children = (
				2316C1272D8A7E2F0018A84F /* LaunchScreenView.swift */,
				2316C1292D8A7E400018A84F /* LaunchScreenViewModel.swift */,
			);
			path = launchScreen;
			sourceTree = "<group>";
		};
		2316C12B2D8A7E5E0018A84F /* Database */ = {
			isa = PBXGroup;
			children = (
				2316C12C2D8A7E670018A84F /* DBManager.swift */,
				2316C12E2D8A7E760018A84F /* Table.swift */,
				2316C1392D8A7FCD0018A84F /* SelectionIdentifier.swift */,
				2316C1372D8A7FC50018A84F /* QueryFunction.swift */,
				2316C1352D8A7FB50018A84F /* DBManagerQueryHelper.swift */,
				2316C1332D8A7FAA0018A84F /* FilterExpression.swift */,
			);
			path = Database;
			sourceTree = "<group>";
		};
		2316C1302D8A7EE60018A84F /* Extension */ = {
			isa = PBXGroup;
			children = (
				2316C1312D8A7EEE0018A84F /* Dictionary.swift */,
			);
			path = Extension;
			sourceTree = "<group>";
		};
		2316C13B2D8A81A50018A84F /* SignUp */ = {
			isa = PBXGroup;
			children = (
				2316C1482D8A827E0018A84F /* Fields */,
				2316C1462D8A82520018A84F /* SignUpView.swift */,
				2316C1442D8A82460018A84F /* SignUpViewModel.swift */,
			);
			path = SignUp;
			sourceTree = "<group>";
		};
		2316C13C2D8A81B00018A84F /* Login */ = {
			isa = PBXGroup;
			children = (
				234EFB202D90535000BFA60E /* Login.swift */,
				2316C13D2D8A81C60018A84F /* LoginView.swift */,
				2316C13F2D8A81D00018A84F /* LoginViewModel.swift */,
			);
			path = Login;
			sourceTree = "<group>";
		};
		2316C1412D8A81F80018A84F /* Network */ = {
			isa = PBXGroup;
			children = (
				23111FF32D8C5D6100FBB6BC /* APIResponseStatus.swift */,
				23111FF52D8C5DEB00FBB6BC /* APIExtension.swift */,
				23111FF12D8C5C6900FBB6BC /* API.swift */,
				23111FEF2D8C5BAF00FBB6BC /* HTTPMethod.swift */,
				23111FED2D8C5B9600FBB6BC /* APIProtocol.swift */,
				2316C1422D8A82050018A84F /* APIService.swift */,
			);
			path = Network;
			sourceTree = "<group>";
		};
		2316C1482D8A827E0018A84F /* Fields */ = {
			isa = PBXGroup;
			children = (
				234EFB1F2D90533A00BFA60E /* Email */,
				23111FD62D8C009B00FBB6BC /* Password */,
				2316C1552D8A82DD0018A84F /* Country */,
			);
			path = Fields;
			sourceTree = "<group>";
		};
		2316C1552D8A82DD0018A84F /* Country */ = {
			isa = PBXGroup;
			children = (
				2316C1492D8A82940018A84F /* Country.swift */,
				2316C14B2D8A829B0018A84F /* CountryView.swift */,
				2316C14D2D8A82A80018A84F /* CountryViewModel.swift */,
			);
			path = Country;
			sourceTree = "<group>";
		};
		2316C1572D8AADC10018A84F /* Home */ = {
			isa = PBXGroup;
			children = (
				2316C1702D8ABF840018A84F /* BookListCell */,
				2316C1662D8ABEB00018A84F /* BookSort */,
				2316C15D2D8ABDFA0018A84F /* BookList */,
				2316C15A2D8AAE210018A84F /* HomeSearch */,
				2316C1582D8AADF30018A84F /* HomeView.swift */,
				2316C1882D8B37ED0018A84F /* HomeViewModel.swift */,
			);
			path = Home;
			sourceTree = "<group>";
		};
		2316C15A2D8AAE210018A84F /* HomeSearch */ = {
			isa = PBXGroup;
			children = (
				2316C15B2D8AAE6F0018A84F /* HomeSearchView.swift */,
			);
			path = HomeSearch;
			sourceTree = "<group>";
		};
		2316C15D2D8ABDFA0018A84F /* BookList */ = {
			isa = PBXGroup;
			children = (
				238740332D8BAEE6003620CD /* BookListTableView.swift */,
				2316C1622D8ABE1A0018A84F /* BookListView.swift */,
				2316C1602D8ABE120018A84F /* Book.swift */,
				2316C15E2D8ABE060018A84F /* BookListViewModel.swift */,
			);
			path = BookList;
			sourceTree = "<group>";
		};
		2316C1662D8ABEB00018A84F /* BookSort */ = {
			isa = PBXGroup;
			children = (
				2316C17C2D8B03580018A84F /* SortBy.swift */,
				2316C1692D8ABEE80018A84F /* BookSortViewModel.swift */,
				2316C1672D8ABEE10018A84F /* BookSortView.swift */,
			);
			path = BookSort;
			sourceTree = "<group>";
		};
		2316C1702D8ABF840018A84F /* BookListCell */ = {
			isa = PBXGroup;
			children = (
				2316C1732D8ABF980018A84F /* BookListCellViewModel.swift */,
				2316C1712D8ABF8C0018A84F /* BookListCellView.swift */,
			);
			path = BookListCell;
			sourceTree = "<group>";
		};
		2316C1752D8AE5280018A84F /* BookMark */ = {
			isa = PBXGroup;
			children = (
				2316C1802D8B0CB10018A84F /* BookMarkListViewModel.swift */,
				2316C17E2D8B0CA40018A84F /* BookMarkListView.swift */,
			);
			path = BookMark;
			sourceTree = "<group>";
		};
		234EFB1F2D90533A00BFA60E /* Email */ = {
			isa = PBXGroup;
			children = (
				2316C14F2D8A82B40018A84F /* EmailEntryView.swift */,
			);
			path = Email;
			sourceTree = "<group>";
		};
/* End PBXGroup section */

/* Begin PBXNativeTarget section */
		2316C0D02D8A7C550018A84F /* MedBook */ = {
			isa = PBXNativeTarget;
			buildConfigurationList = 2316C0FA2D8A7C570018A84F /* Build configuration list for PBXNativeTarget "MedBook" */;
			buildPhases = (
				2316C0CD2D8A7C550018A84F /* Sources */,
				2316C0CE2D8A7C550018A84F /* Frameworks */,
				2316C0CF2D8A7C550018A84F /* Resources */,
			);
			buildRules = (
			);
			dependencies = (
			);
			name = MedBook;
			packageProductDependencies = (
				2316C1132D8A7D4D0018A84F /* CouchbaseLiteSwift */,
			);
			productName = MedBook;
			productReference = 2316C0D12D8A7C550018A84F /* MedBook.app */;
			productType = "com.apple.product-type.application";
		};
		2316C0E52D8A7C570018A84F /* MedBookTests */ = {
			isa = PBXNativeTarget;
			buildConfigurationList = 2316C0FD2D8A7C570018A84F /* Build configuration list for PBXNativeTarget "MedBookTests" */;
			buildPhases = (
				2316C0E22D8A7C570018A84F /* Sources */,
				2316C0E32D8A7C570018A84F /* Frameworks */,
				2316C0E42D8A7C570018A84F /* Resources */,
			);
			buildRules = (
			);
			dependencies = (
				2316C0E82D8A7C570018A84F /* PBXTargetDependency */,
			);
			fileSystemSynchronizedGroups = (
				2316C0E92D8A7C570018A84F /* MedBookTests */,
			);
			name = MedBookTests;
			packageProductDependencies = (
			);
			productName = MedBookTests;
			productReference = 2316C0E62D8A7C570018A84F /* MedBookTests.xctest */;
			productType = "com.apple.product-type.bundle.unit-test";
		};
		2316C0EF2D8A7C570018A84F /* MedBookUITests */ = {
			isa = PBXNativeTarget;
			buildConfigurationList = 2316C1002D8A7C570018A84F /* Build configuration list for PBXNativeTarget "MedBookUITests" */;
			buildPhases = (
				2316C0EC2D8A7C570018A84F /* Sources */,
				2316C0ED2D8A7C570018A84F /* Frameworks */,
				2316C0EE2D8A7C570018A84F /* Resources */,
			);
			buildRules = (
			);
			dependencies = (
				2316C0F22D8A7C570018A84F /* PBXTargetDependency */,
			);
			fileSystemSynchronizedGroups = (
				2316C0F32D8A7C570018A84F /* MedBookUITests */,
			);
			name = MedBookUITests;
			packageProductDependencies = (
			);
			productName = MedBookUITests;
			productReference = 2316C0F02D8A7C570018A84F /* MedBookUITests.xctest */;
			productType = "com.apple.product-type.bundle.ui-testing";
		};
/* End PBXNativeTarget section */

/* Begin PBXProject section */
		2316C0C92D8A7C550018A84F /* Project object */ = {
			isa = PBXProject;
			attributes = {
				BuildIndependentTargetsInParallel = 1;
				LastSwiftUpdateCheck = 1620;
				LastUpgradeCheck = 1620;
				TargetAttributes = {
					2316C0D02D8A7C550018A84F = {
						CreatedOnToolsVersion = 16.2;
					};
					2316C0E52D8A7C570018A84F = {
						CreatedOnToolsVersion = 16.2;
						TestTargetID = 2316C0D02D8A7C550018A84F;
					};
					2316C0EF2D8A7C570018A84F = {
						CreatedOnToolsVersion = 16.2;
						TestTargetID = 2316C0D02D8A7C550018A84F;
					};
				};
			};
			buildConfigurationList = 2316C0CC2D8A7C550018A84F /* Build configuration list for PBXProject "MedBook" */;
			developmentRegion = en;
			hasScannedForEncodings = 0;
			knownRegions = (
				en,
				Base,
			);
			mainGroup = 2316C0C82D8A7C550018A84F;
			minimizedProjectReferenceProxies = 1;
			packageReferences = (
				2316C1122D8A7D4D0018A84F /* XCRemoteSwiftPackageReference "couchbase-lite-ios" */,
			);
			preferredProjectObjectVersion = 77;
			productRefGroup = 2316C0D22D8A7C550018A84F /* Products */;
			projectDirPath = "";
			projectRoot = "";
			targets = (
				2316C0D02D8A7C550018A84F /* MedBook */,
				2316C0E52D8A7C570018A84F /* MedBookTests */,
				2316C0EF2D8A7C570018A84F /* MedBookUITests */,
			);
		};
/* End PBXProject section */

/* Begin PBXResourcesBuildPhase section */
		2316C0CF2D8A7C550018A84F /* Resources */ = {
			isa = PBXResourcesBuildPhase;
			buildActionMask = 2147483647;
			files = (
				2316C1102D8A7C640018A84F /* Preview Assets.xcassets in Resources */,
				2316C1112D8A7C640018A84F /* Assets.xcassets in Resources */,
			);
			runOnlyForDeploymentPostprocessing = 0;
		};
		2316C0E42D8A7C570018A84F /* Resources */ = {
			isa = PBXResourcesBuildPhase;
			buildActionMask = 2147483647;
			files = (
			);
			runOnlyForDeploymentPostprocessing = 0;
		};
		2316C0EE2D8A7C570018A84F /* Resources */ = {
			isa = PBXResourcesBuildPhase;
			buildActionMask = 2147483647;
			files = (
			);
			runOnlyForDeploymentPostprocessing = 0;
		};
/* End PBXResourcesBuildPhase section */

/* Begin PBXSourcesBuildPhase section */
		2316C0CD2D8A7C550018A84F /* Sources */ = {
			isa = PBXSourcesBuildPhase;
			buildActionMask = 2147483647;
			files = (
				2316C1592D8AADF70018A84F /* HomeView.swift in Sources */,
				2316C1812D8B0CB90018A84F /* BookMarkListViewModel.swift in Sources */,
				2316C10C2D8A7C640018A84F /* ContentView.swift in Sources */,
				2316C17F2D8B0CAD0018A84F /* BookMarkListView.swift in Sources */,
				2316C1542D8A82CF0018A84F /* PasswordEntryView.swift in Sources */,
				2316C1432D8A82060018A84F /* APIService.swift in Sources */,
				23111FDA2D8C00C600FBB6BC /* RequirementRow.swift in Sources */,
				2316C1452D8A824E0018A84F /* SignUpViewModel.swift in Sources */,
				23111FEE2D8C5B9C00FBB6BC /* APIProtocol.swift in Sources */,
				2316C10D2D8A7C640018A84F /* MedBook.xcdatamodeld in Sources */,
				2316C12A2D8A7E470018A84F /* LaunchScreenViewModel.swift in Sources */,
				2316C1632D8ABE220018A84F /* BookListView.swift in Sources */,
				2316C1382D8A7FC60018A84F /* QueryFunction.swift in Sources */,
				2316C1612D8ABE160018A84F /* Book.swift in Sources */,
				2316C1502D8A82B50018A84F /* EmailEntryView.swift in Sources */,
				234EFB212D90535200BFA60E /* Login.swift in Sources */,
				2316C1342D8A7FB10018A84F /* FilterExpression.swift in Sources */,
				2316C1212D8A7DD80018A84F /* User.swift in Sources */,
				2316C15F2D8ABE0D0018A84F /* BookListViewModel.swift in Sources */,
				2316C10E2D8A7C640018A84F /* MedBookApp.swift in Sources */,
				2316C17D2D8B035C0018A84F /* SortBy.swift in Sources */,
				23111FD82D8C00AE00FBB6BC /* PasswordValidationResult.swift in Sources */,
				2316C14E2D8A82AD0018A84F /* CountryViewModel.swift in Sources */,
				2316C1322D8A7EFB0018A84F /* Dictionary.swift in Sources */,
				2316C1472D8A82570018A84F /* SignUpView.swift in Sources */,
				2316C1402D8A81D50018A84F /* LoginViewModel.swift in Sources */,
				2316C10F2D8A7C640018A84F /* Persistence.swift in Sources */,
				2316C1252D8A7DFF0018A84F /* CurrentUser.swift in Sources */,
				2316C13E2D8A81CC0018A84F /* LoginView.swift in Sources */,
				2316C1182D8A7D750018A84F /* Design.swift in Sources */,
				2316C12D2D8A7E6A0018A84F /* DBManager.swift in Sources */,
				2316C1282D8A7E3B0018A84F /* LaunchScreenView.swift in Sources */,
				2316C14A2D8A82970018A84F /* Country.swift in Sources */,
				2316C14C2D8A82A20018A84F /* CountryView.swift in Sources */,
				2316C16A2D8ABEEE0018A84F /* BookSortViewModel.swift in Sources */,
				23111FF22D8C5C6B00FBB6BC /* API.swift in Sources */,
				2316C1682D8ABEE50018A84F /* BookSortView.swift in Sources */,
				23111FF62D8C5DF400FBB6BC /* APIExtension.swift in Sources */,
				2316C15C2D8AAE740018A84F /* HomeSearchView.swift in Sources */,
				23111FF02D8C5BB600FBB6BC /* HTTPMethod.swift in Sources */,
				2316C13A2D8A7FCE0018A84F /* SelectionIdentifier.swift in Sources */,
				2316C1892D8B37F30018A84F /* HomeViewModel.swift in Sources */,
				2316C1362D8A7FBB0018A84F /* DBManagerQueryHelper.swift in Sources */,
				238740342D8BAEEE003620CD /* BookListTableView.swift in Sources */,
				2316C1722D8ABF950018A84F /* BookListCellView.swift in Sources */,
				2316C12F2D8A7E780018A84F /* Table.swift in Sources */,
				2316C1742D8ABFA00018A84F /* BookListCellViewModel.swift in Sources */,
				23111FF42D8C5D6A00FBB6BC /* APIResponseStatus.swift in Sources */,
			);
			runOnlyForDeploymentPostprocessing = 0;
		};
		2316C0E22D8A7C570018A84F /* Sources */ = {
			isa = PBXSourcesBuildPhase;
			buildActionMask = 2147483647;
			files = (
			);
			runOnlyForDeploymentPostprocessing = 0;
		};
		2316C0EC2D8A7C570018A84F /* Sources */ = {
			isa = PBXSourcesBuildPhase;
			buildActionMask = 2147483647;
			files = (
			);
			runOnlyForDeploymentPostprocessing = 0;
		};
/* End PBXSourcesBuildPhase section */

/* Begin PBXTargetDependency section */
		2316C0E82D8A7C570018A84F /* PBXTargetDependency */ = {
			isa = PBXTargetDependency;
			target = 2316C0D02D8A7C550018A84F /* MedBook */;
			targetProxy = 2316C0E72D8A7C570018A84F /* PBXContainerItemProxy */;
		};
		2316C0F22D8A7C570018A84F /* PBXTargetDependency */ = {
			isa = PBXTargetDependency;
			target = 2316C0D02D8A7C550018A84F /* MedBook */;
			targetProxy = 2316C0F12D8A7C570018A84F /* PBXContainerItemProxy */;
		};
/* End PBXTargetDependency section */

/* Begin XCBuildConfiguration section */
		2316C0F82D8A7C570018A84F /* Debug */ = {
			isa = XCBuildConfiguration;
			buildSettings = {
				ALWAYS_SEARCH_USER_PATHS = NO;
				ASSETCATALOG_COMPILER_GENERATE_SWIFT_ASSET_SYMBOL_EXTENSIONS = YES;
				CLANG_ANALYZER_NONNULL = YES;
				CLANG_ANALYZER_NUMBER_OBJECT_CONVERSION = YES_AGGRESSIVE;
				CLANG_CXX_LANGUAGE_STANDARD = "gnu++20";
				CLANG_ENABLE_MODULES = YES;
				CLANG_ENABLE_OBJC_ARC = YES;
				CLANG_ENABLE_OBJC_WEAK = YES;
				CLANG_WARN_BLOCK_CAPTURE_AUTORELEASING = YES;
				CLANG_WARN_BOOL_CONVERSION = YES;
				CLANG_WARN_COMMA = YES;
				CLANG_WARN_CONSTANT_CONVERSION = YES;
				CLANG_WARN_DEPRECATED_OBJC_IMPLEMENTATIONS = YES;
				CLANG_WARN_DIRECT_OBJC_ISA_USAGE = YES_ERROR;
				CLANG_WARN_DOCUMENTATION_COMMENTS = YES;
				CLANG_WARN_EMPTY_BODY = YES;
				CLANG_WARN_ENUM_CONVERSION = YES;
				CLANG_WARN_INFINITE_RECURSION = YES;
				CLANG_WARN_INT_CONVERSION = YES;
				CLANG_WARN_NON_LITERAL_NULL_CONVERSION = YES;
				CLANG_WARN_OBJC_IMPLICIT_RETAIN_SELF = YES;
				CLANG_WARN_OBJC_LITERAL_CONVERSION = YES;
				CLANG_WARN_OBJC_ROOT_CLASS = YES_ERROR;
				CLANG_WARN_QUOTED_INCLUDE_IN_FRAMEWORK_HEADER = YES;
				CLANG_WARN_RANGE_LOOP_ANALYSIS = YES;
				CLANG_WARN_STRICT_PROTOTYPES = YES;
				CLANG_WARN_SUSPICIOUS_MOVE = YES;
				CLANG_WARN_UNGUARDED_AVAILABILITY = YES_AGGRESSIVE;
				CLANG_WARN_UNREACHABLE_CODE = YES;
				CLANG_WARN__DUPLICATE_METHOD_MATCH = YES;
				COPY_PHASE_STRIP = NO;
				DEBUG_INFORMATION_FORMAT = dwarf;
				ENABLE_STRICT_OBJC_MSGSEND = YES;
				ENABLE_TESTABILITY = YES;
				ENABLE_USER_SCRIPT_SANDBOXING = YES;
				GCC_C_LANGUAGE_STANDARD = gnu17;
				GCC_DYNAMIC_NO_PIC = NO;
				GCC_NO_COMMON_BLOCKS = YES;
				GCC_OPTIMIZATION_LEVEL = 0;
				GCC_PREPROCESSOR_DEFINITIONS = (
					"DEBUG=1",
					"$(inherited)",
				);
				GCC_WARN_64_TO_32_BIT_CONVERSION = YES;
				GCC_WARN_ABOUT_RETURN_TYPE = YES_ERROR;
				GCC_WARN_UNDECLARED_SELECTOR = YES;
				GCC_WARN_UNINITIALIZED_AUTOS = YES_AGGRESSIVE;
				GCC_WARN_UNUSED_FUNCTION = YES;
				GCC_WARN_UNUSED_VARIABLE = YES;
				IPHONEOS_DEPLOYMENT_TARGET = 18.2;
				LOCALIZATION_PREFERS_STRING_CATALOGS = YES;
				MTL_ENABLE_DEBUG_INFO = INCLUDE_SOURCE;
				MTL_FAST_MATH = YES;
				ONLY_ACTIVE_ARCH = YES;
				SDKROOT = iphoneos;
				SWIFT_ACTIVE_COMPILATION_CONDITIONS = "DEBUG $(inherited)";
				SWIFT_OPTIMIZATION_LEVEL = "-Onone";
			};
			name = Debug;
		};
		2316C0F92D8A7C570018A84F /* Release */ = {
			isa = XCBuildConfiguration;
			buildSettings = {
				ALWAYS_SEARCH_USER_PATHS = NO;
				ASSETCATALOG_COMPILER_GENERATE_SWIFT_ASSET_SYMBOL_EXTENSIONS = YES;
				CLANG_ANALYZER_NONNULL = YES;
				CLANG_ANALYZER_NUMBER_OBJECT_CONVERSION = YES_AGGRESSIVE;
				CLANG_CXX_LANGUAGE_STANDARD = "gnu++20";
				CLANG_ENABLE_MODULES = YES;
				CLANG_ENABLE_OBJC_ARC = YES;
				CLANG_ENABLE_OBJC_WEAK = YES;
				CLANG_WARN_BLOCK_CAPTURE_AUTORELEASING = YES;
				CLANG_WARN_BOOL_CONVERSION = YES;
				CLANG_WARN_COMMA = YES;
				CLANG_WARN_CONSTANT_CONVERSION = YES;
				CLANG_WARN_DEPRECATED_OBJC_IMPLEMENTATIONS = YES;
				CLANG_WARN_DIRECT_OBJC_ISA_USAGE = YES_ERROR;
				CLANG_WARN_DOCUMENTATION_COMMENTS = YES;
				CLANG_WARN_EMPTY_BODY = YES;
				CLANG_WARN_ENUM_CONVERSION = YES;
				CLANG_WARN_INFINITE_RECURSION = YES;
				CLANG_WARN_INT_CONVERSION = YES;
				CLANG_WARN_NON_LITERAL_NULL_CONVERSION = YES;
				CLANG_WARN_OBJC_IMPLICIT_RETAIN_SELF = YES;
				CLANG_WARN_OBJC_LITERAL_CONVERSION = YES;
				CLANG_WARN_OBJC_ROOT_CLASS = YES_ERROR;
				CLANG_WARN_QUOTED_INCLUDE_IN_FRAMEWORK_HEADER = YES;
				CLANG_WARN_RANGE_LOOP_ANALYSIS = YES;
				CLANG_WARN_STRICT_PROTOTYPES = YES;
				CLANG_WARN_SUSPICIOUS_MOVE = YES;
				CLANG_WARN_UNGUARDED_AVAILABILITY = YES_AGGRESSIVE;
				CLANG_WARN_UNREACHABLE_CODE = YES;
				CLANG_WARN__DUPLICATE_METHOD_MATCH = YES;
				COPY_PHASE_STRIP = NO;
				DEBUG_INFORMATION_FORMAT = "dwarf-with-dsym";
				ENABLE_NS_ASSERTIONS = NO;
				ENABLE_STRICT_OBJC_MSGSEND = YES;
				ENABLE_USER_SCRIPT_SANDBOXING = YES;
				GCC_C_LANGUAGE_STANDARD = gnu17;
				GCC_NO_COMMON_BLOCKS = YES;
				GCC_WARN_64_TO_32_BIT_CONVERSION = YES;
				GCC_WARN_ABOUT_RETURN_TYPE = YES_ERROR;
				GCC_WARN_UNDECLARED_SELECTOR = YES;
				GCC_WARN_UNINITIALIZED_AUTOS = YES_AGGRESSIVE;
				GCC_WARN_UNUSED_FUNCTION = YES;
				GCC_WARN_UNUSED_VARIABLE = YES;
				IPHONEOS_DEPLOYMENT_TARGET = 18.2;
				LOCALIZATION_PREFERS_STRING_CATALOGS = YES;
				MTL_ENABLE_DEBUG_INFO = NO;
				MTL_FAST_MATH = YES;
				SDKROOT = iphoneos;
				SWIFT_COMPILATION_MODE = wholemodule;
				VALIDATE_PRODUCT = YES;
			};
			name = Release;
		};
		2316C0FB2D8A7C570018A84F /* Debug */ = {
			isa = XCBuildConfiguration;
			buildSettings = {
				ASSETCATALOG_COMPILER_APPICON_NAME = AppIcon;
				ASSETCATALOG_COMPILER_GLOBAL_ACCENT_COLOR_NAME = AccentColor;
				CODE_SIGN_STYLE = Automatic;
				CURRENT_PROJECT_VERSION = 1;
				DEVELOPMENT_ASSET_PATHS = "\"MedBook/Preview Content\"";
				DEVELOPMENT_TEAM = 3UUK82X978;
				ENABLE_PREVIEWS = YES;
				GENERATE_INFOPLIST_FILE = YES;
				INFOPLIST_FILE = MedBook/Info.plist;
				INFOPLIST_KEY_UIApplicationSceneManifest_Generation = YES;
				INFOPLIST_KEY_UIApplicationSupportsIndirectInputEvents = YES;
				INFOPLIST_KEY_UILaunchScreen_Generation = YES;
				INFOPLIST_KEY_UISupportedInterfaceOrientations_iPad = "UIInterfaceOrientationPortrait UIInterfaceOrientationPortraitUpsideDown UIInterfaceOrientationLandscapeLeft UIInterfaceOrientationLandscapeRight";
				INFOPLIST_KEY_UISupportedInterfaceOrientations_iPhone = "UIInterfaceOrientationPortrait UIInterfaceOrientationLandscapeLeft UIInterfaceOrientationLandscapeRight";
				LD_RUNPATH_SEARCH_PATHS = (
					"$(inherited)",
					"@executable_path/Frameworks",
				);
				MARKETING_VERSION = 1.0;
				PRODUCT_BUNDLE_IDENTIFIER = karan.sah.MedBook;
				PRODUCT_NAME = "$(TARGET_NAME)";
				SWIFT_EMIT_LOC_STRINGS = YES;
				SWIFT_VERSION = 5.0;
				TARGETED_DEVICE_FAMILY = "1,2";
			};
			name = Debug;
		};
		2316C0FC2D8A7C570018A84F /* Release */ = {
			isa = XCBuildConfiguration;
			buildSettings = {
				ASSETCATALOG_COMPILER_APPICON_NAME = AppIcon;
				ASSETCATALOG_COMPILER_GLOBAL_ACCENT_COLOR_NAME = AccentColor;
				CODE_SIGN_STYLE = Automatic;
				CURRENT_PROJECT_VERSION = 1;
				DEVELOPMENT_ASSET_PATHS = "\"MedBook/Preview Content\"";
				DEVELOPMENT_TEAM = 3UUK82X978;
				ENABLE_PREVIEWS = YES;
				GENERATE_INFOPLIST_FILE = YES;
				INFOPLIST_FILE = MedBook/Info.plist;
				INFOPLIST_KEY_UIApplicationSceneManifest_Generation = YES;
				INFOPLIST_KEY_UIApplicationSupportsIndirectInputEvents = YES;
				INFOPLIST_KEY_UILaunchScreen_Generation = YES;
				INFOPLIST_KEY_UISupportedInterfaceOrientations_iPad = "UIInterfaceOrientationPortrait UIInterfaceOrientationPortraitUpsideDown UIInterfaceOrientationLandscapeLeft UIInterfaceOrientationLandscapeRight";
				INFOPLIST_KEY_UISupportedInterfaceOrientations_iPhone = "UIInterfaceOrientationPortrait UIInterfaceOrientationLandscapeLeft UIInterfaceOrientationLandscapeRight";
				LD_RUNPATH_SEARCH_PATHS = (
					"$(inherited)",
					"@executable_path/Frameworks",
				);
				MARKETING_VERSION = 1.0;
				PRODUCT_BUNDLE_IDENTIFIER = karan.sah.MedBook;
				PRODUCT_NAME = "$(TARGET_NAME)";
				SWIFT_EMIT_LOC_STRINGS = YES;
				SWIFT_VERSION = 5.0;
				TARGETED_DEVICE_FAMILY = "1,2";
			};
			name = Release;
		};
		2316C0FE2D8A7C570018A84F /* Debug */ = {
			isa = XCBuildConfiguration;
			buildSettings = {
				BUNDLE_LOADER = "$(TEST_HOST)";
				CODE_SIGN_STYLE = Automatic;
				CURRENT_PROJECT_VERSION = 1;
				DEVELOPMENT_TEAM = 3UUK82X978;
				GENERATE_INFOPLIST_FILE = YES;
				IPHONEOS_DEPLOYMENT_TARGET = 18.2;
				MARKETING_VERSION = 1.0;
				PRODUCT_BUNDLE_IDENTIFIER = karan.sah.MedBookTests;
				PRODUCT_NAME = "$(TARGET_NAME)";
				SWIFT_EMIT_LOC_STRINGS = NO;
				SWIFT_VERSION = 5.0;
				TARGETED_DEVICE_FAMILY = "1,2";
				TEST_HOST = "$(BUILT_PRODUCTS_DIR)/MedBook.app/$(BUNDLE_EXECUTABLE_FOLDER_PATH)/MedBook";
			};
			name = Debug;
		};
		2316C0FF2D8A7C570018A84F /* Release */ = {
			isa = XCBuildConfiguration;
			buildSettings = {
				BUNDLE_LOADER = "$(TEST_HOST)";
				CODE_SIGN_STYLE = Automatic;
				CURRENT_PROJECT_VERSION = 1;
				DEVELOPMENT_TEAM = 3UUK82X978;
				GENERATE_INFOPLIST_FILE = YES;
				IPHONEOS_DEPLOYMENT_TARGET = 18.2;
				MARKETING_VERSION = 1.0;
				PRODUCT_BUNDLE_IDENTIFIER = karan.sah.MedBookTests;
				PRODUCT_NAME = "$(TARGET_NAME)";
				SWIFT_EMIT_LOC_STRINGS = NO;
				SWIFT_VERSION = 5.0;
				TARGETED_DEVICE_FAMILY = "1,2";
				TEST_HOST = "$(BUILT_PRODUCTS_DIR)/MedBook.app/$(BUNDLE_EXECUTABLE_FOLDER_PATH)/MedBook";
			};
			name = Release;
		};
		2316C1012D8A7C570018A84F /* Debug */ = {
			isa = XCBuildConfiguration;
			buildSettings = {
				CODE_SIGN_STYLE = Automatic;
				CURRENT_PROJECT_VERSION = 1;
				DEVELOPMENT_TEAM = 3UUK82X978;
				GENERATE_INFOPLIST_FILE = YES;
				MARKETING_VERSION = 1.0;
				PRODUCT_BUNDLE_IDENTIFIER = karan.sah.MedBookUITests;
				PRODUCT_NAME = "$(TARGET_NAME)";
				SWIFT_EMIT_LOC_STRINGS = NO;
				SWIFT_VERSION = 5.0;
				TARGETED_DEVICE_FAMILY = "1,2";
				TEST_TARGET_NAME = MedBook;
			};
			name = Debug;
		};
		2316C1022D8A7C570018A84F /* Release */ = {
			isa = XCBuildConfiguration;
			buildSettings = {
				CODE_SIGN_STYLE = Automatic;
				CURRENT_PROJECT_VERSION = 1;
				DEVELOPMENT_TEAM = 3UUK82X978;
				GENERATE_INFOPLIST_FILE = YES;
				MARKETING_VERSION = 1.0;
				PRODUCT_BUNDLE_IDENTIFIER = karan.sah.MedBookUITests;
				PRODUCT_NAME = "$(TARGET_NAME)";
				SWIFT_EMIT_LOC_STRINGS = NO;
				SWIFT_VERSION = 5.0;
				TARGETED_DEVICE_FAMILY = "1,2";
				TEST_TARGET_NAME = MedBook;
			};
			name = Release;
		};
/* End XCBuildConfiguration section */

/* Begin XCConfigurationList section */
		2316C0CC2D8A7C550018A84F /* Build configuration list for PBXProject "MedBook" */ = {
			isa = XCConfigurationList;
			buildConfigurations = (
				2316C0F82D8A7C570018A84F /* Debug */,
				2316C0F92D8A7C570018A84F /* Release */,
			);
			defaultConfigurationIsVisible = 0;
			defaultConfigurationName = Release;
		};
		2316C0FA2D8A7C570018A84F /* Build configuration list for PBXNativeTarget "MedBook" */ = {
			isa = XCConfigurationList;
			buildConfigurations = (
				2316C0FB2D8A7C570018A84F /* Debug */,
				2316C0FC2D8A7C570018A84F /* Release */,
			);
			defaultConfigurationIsVisible = 0;
			defaultConfigurationName = Release;
		};
		2316C0FD2D8A7C570018A84F /* Build configuration list for PBXNativeTarget "MedBookTests" */ = {
			isa = XCConfigurationList;
			buildConfigurations = (
				2316C0FE2D8A7C570018A84F /* Debug */,
				2316C0FF2D8A7C570018A84F /* Release */,
			);
			defaultConfigurationIsVisible = 0;
			defaultConfigurationName = Release;
		};
		2316C1002D8A7C570018A84F /* Build configuration list for PBXNativeTarget "MedBookUITests" */ = {
			isa = XCConfigurationList;
			buildConfigurations = (
				2316C1012D8A7C570018A84F /* Debug */,
				2316C1022D8A7C570018A84F /* Release */,
			);
			defaultConfigurationIsVisible = 0;
			defaultConfigurationName = Release;
		};
/* End XCConfigurationList section */

/* Begin XCRemoteSwiftPackageReference section */
		2316C1122D8A7D4D0018A84F /* XCRemoteSwiftPackageReference "couchbase-lite-ios" */ = {
			isa = XCRemoteSwiftPackageReference;
			repositoryURL = "https://github.com/couchbase/couchbase-lite-ios.git";
			requirement = {
				kind = upToNextMajorVersion;
				minimumVersion = 3.2.2;
			};
		};
/* End XCRemoteSwiftPackageReference section */

/* Begin XCSwiftPackageProductDependency section */
		2316C1132D8A7D4D0018A84F /* CouchbaseLiteSwift */ = {
			isa = XCSwiftPackageProductDependency;
			package = 2316C1122D8A7D4D0018A84F /* XCRemoteSwiftPackageReference "couchbase-lite-ios" */;
			productName = CouchbaseLiteSwift;
		};
/* End XCSwiftPackageProductDependency section */

/* Begin XCVersionGroup section */
		2316C1072D8A7C640018A84F /* MedBook.xcdatamodeld */ = {
			isa = XCVersionGroup;
			children = (
				2316C10B2D8A7C640018A84F /* MedBook.xcdatamodel */,
			);
			currentVersion = 2316C10B2D8A7C640018A84F /* MedBook.xcdatamodel */;
			path = MedBook.xcdatamodeld;
			sourceTree = "<group>";
			versionGroupType = wrapper.xcdatamodel;
		};
/* End XCVersionGroup section */
	};
	rootObject = 2316C0C92D8A7C550018A84F /* Project object */;
}
